
Microsoft Visual Studio Solution File, Format Version 12.00
# Visual Studio Version 16
VisualStudioVersion = 16.0.29409.12
MinimumVisualStudioVersion = 10.0.40219.1
Project("{FAE04EC0-301F-11D3-BF4B-00C04F79EFBC}") = "LinqOverArray", "LinqOverArray\LinqOverArray.csproj", "{C82DD532-B454-4A65-8F63-06372DCDD357}"
EndProject
Project("{FAE04EC0-301F-11D3-BF4B-00C04F79EFBC}") = "LinqRetValues", "LinqRetValues\LinqRetValues.csproj", "{404CB1FC-FDFD-49F0-9D5F-ABE9E4EF736A}"
EndProject
Project("{FAE04EC0-301F-11D3-BF4B-00C04F79EFBC}") = "ListOverCollections", "ListOverCollections\ListOverCollections.csproj", "{C054005C-8747-460B-8949-DE1A08D51A0A}"
EndProject
Project("{FAE04EC0-301F-11D3-BF4B-00C04F79EFBC}") = "FunWithLinqExpressions", "FunWithLinqExpressions\FunWithLinqExpressions.csproj", "{01EF2F24-60E2-4F12-B1CB-7AA566B8136E}"
EndProject
Project("{FAE04EC0-301F-11D3-BF4B-00C04F79EFBC}") = "LinqUsingEnumerable", "LinqUsingEnumerable\LinqUsingEnumerable.csproj", "{79BFF47B-1DCC-4380-8F67-B01A422B3F0E}"
EndProject
Project("{FAE04EC0-301F-11D3-BF4B-00C04F79EFBC}") = "SystemGC", "SystemGC\SystemGC.csproj", "{2A6587C9-B673-4DE7-A925-358224519680}"
EndProject
Project("{FAE04EC0-301F-11D3-BF4B-00C04F79EFBC}") = "SimpleDispose", "SimpleDispose\SimpleDispose.csproj", "{C05DABCF-D88D-4FC3-9981-16D0EBAF0CB4}"
EndProject
Project("{FAE04EC0-301F-11D3-BF4B-00C04F79EFBC}") = "FinalizableDisposableClass", "FinalizableDisposableClass\FinalizableDisposableClass.csproj", "{18A0797D-F84C-46B2-8431-ABD65582320D}"
EndProject
Project("{FAE04EC0-301F-11D3-BF4B-00C04F79EFBC}") = "LazyObjectInstantiation", "LazyObjectInstantiation\LazyObjectInstantiation.csproj", "{E5D10BB1-7952-4E7E-87E3-A89E6A001EC3}"
EndProject
Project("{FAE04EC0-301F-11D3-BF4B-00C04F79EFBC}") = "CustomNamespaces", "CustomNamespaces\CustomNamespaces.csproj", "{B92D45DA-9CC7-47B2-804B-738ECBF0AA6E}"
EndProject
Project("{FAE04EC0-301F-11D3-BF4B-00C04F79EFBC}") = "CarLibrary", "CarLibrary\CarLibrary.csproj", "{7C8D9830-C848-4777-8AD3-AAB496483792}"
EndProject
Project("{FAE04EC0-301F-11D3-BF4B-00C04F79EFBC}") = "CSharpCarClient", "CSharpCarClient\CSharpCarClient.csproj", "{BAFDA003-C9CE-4D44-802B-64994A0A4DF2}"
EndProject
Project("{F184B08F-C81C-45F6-A57F-5ABD9991F28F}") = "VisualBasicCarClient", "VisualBasicCarClient\VisualBasicCarClient.vbproj", "{2DBA3775-5764-422F-9589-A6F5D7316E60}"
EndProject
Project("{FAE04EC0-301F-11D3-BF4B-00C04F79EFBC}") = "ReflectionSystemType", "ReflectionSystemType\ReflectionSystemType.csproj", "{020081D8-E49A-400B-94E1-8741D9FAF6E6}"
EndProject
Project("{FAE04EC0-301F-11D3-BF4B-00C04F79EFBC}") = "MyTypeViewer", "MyTypeViewer\MyTypeViewer.csproj", "{AF21949F-1145-4A28-B8C1-2C8D97A0C48A}"
EndProject
Project("{FAE04EC0-301F-11D3-BF4B-00C04F79EFBC}") = "ExternalAssemblyReflector", "ExternalAssemblyReflector\ExternalAssemblyReflector.csproj", "{4045A0F9-2D99-4BD7-9C37-DD3E40D6FC91}"
EndProject
Project("{FAE04EC0-301F-11D3-BF4B-00C04F79EFBC}") = "SharedAsmReflector", "SharedAsmReflector\SharedAsmReflector.csproj", "{E39D8D8F-AA2D-441C-BF2D-D83A66947341}"
EndProject
Project("{FAE04EC0-301F-11D3-BF4B-00C04F79EFBC}") = "LateBindingApp", "LateBindingApp\LateBindingApp.csproj", "{165FBCB9-366C-479A-87B4-739CFFCAAE8E}"
EndProject
Project("{FAE04EC0-301F-11D3-BF4B-00C04F79EFBC}") = "ApplyingAttributes", "ApplyingAttributes\ApplyingAttributes.csproj", "{8CF1746D-BE5C-46B1-AFD8-E0863C3DC658}"
EndProject
Project("{FAE04EC0-301F-11D3-BF4B-00C04F79EFBC}") = "AttributedCarLibrary", "AttributedCarLibrary\AttributedCarLibrary.csproj", "{223775D6-BD5F-47DD-9AF5-CA8C76450897}"
EndProject
Project("{FAE04EC0-301F-11D3-BF4B-00C04F79EFBC}") = "VehicleDescriptionAttributeReader", "VehicleDescriptionAttributeReader\VehicleDescriptionAttributeReader.csproj", "{94DD8111-6D82-43A8-A657-A25C06AD018E}"
EndProject
Project("{FAE04EC0-301F-11D3-BF4B-00C04F79EFBC}") = "VehicleDescriptionAttributeReaderLateBinding", "VehicleDescriptionAttributeReaderLateBinding\VehicleDescriptionAttributeReaderLateBinding.csproj", "{27447B69-D3F6-40B8-9AA6-0F489CC07DEC}"
EndProject
Project("{FAE04EC0-301F-11D3-BF4B-00C04F79EFBC}") = "CommonSnappableTypes", "CommonSnappableTypes\CommonSnappableTypes.csproj", "{C00B3403-9F36-420E-B456-D6C049584A5D}"
EndProject
Project("{FAE04EC0-301F-11D3-BF4B-00C04F79EFBC}") = "CSharpSnapIn", "CSharpSnapIn\CSharpSnapIn.csproj", "{5349A883-6697-4D95-A3F1-155B77CAF89C}"
EndProject
Project("{F184B08F-C81C-45F6-A57F-5ABD9991F28F}") = "VbSnapIn", "VbSnapIn\VbSnapIn.vbproj", "{518C892B-E255-439D-9BA5-8E3FB50882E3}"
EndProject
Project("{FAE04EC0-301F-11D3-BF4B-00C04F79EFBC}") = "MyExtendableApp", "MyExtendableApp\MyExtendableApp.csproj", "{8C9AA2BF-7BCC-46AB-9786-12215021BFAD}"
EndProject
Project("{FAE04EC0-301F-11D3-BF4B-00C04F79EFBC}") = "LastBindingWithDynamic", "LastBindingWithDynamic\LastBindingWithDynamic.csproj", "{D2A73BA5-518D-4414-86F4-D68DDDD2E8D1}"
EndProject
Project("{FAE04EC0-301F-11D3-BF4B-00C04F79EFBC}") = "MathLibrary", "MathLibrary\MathLibrary.csproj", "{BBA8B002-A738-4C71-8C36-904E7DDF2556}"
EndProject
Project("{FAE04EC0-301F-11D3-BF4B-00C04F79EFBC}") = "ExportDataToOfficeApp", "ExportDataToOfficeApp\ExportDataToOfficeApp.csproj", "{3EB4DA6D-B64B-416E-BA04-DCCFC79737D8}"
EndProject
Project("{FAE04EC0-301F-11D3-BF4B-00C04F79EFBC}") = "ProcessManipulator", "ProcessManipulator\ProcessManipulator.csproj", "{B6389B02-AED5-41FB-9BA8-A8BC598043E3}"
EndProject
Project("{FAE04EC0-301F-11D3-BF4B-00C04F79EFBC}") = "DefaultAppDomainApp", "DefaultAppDomainApp\DefaultAppDomainApp.csproj", "{E46D2533-A176-479B-97B0-97D9D4A30E44}"
EndProject
Project("{FAE04EC0-301F-11D3-BF4B-00C04F79EFBC}") = "CustomAppDomains", "CustomAppDomains\CustomAppDomains.csproj", "{B974B859-B9A9-4D42-BC66-B31EEDBBFA7B}"
EndProject
Global
	GlobalSection(SolutionConfigurationPlatforms) = preSolution
		Debug|Any CPU = Debug|Any CPU
		Release|Any CPU = Release|Any CPU
	EndGlobalSection
	GlobalSection(ProjectConfigurationPlatforms) = postSolution
		{C82DD532-B454-4A65-8F63-06372DCDD357}.Debug|Any CPU.ActiveCfg = Debug|Any CPU
		{C82DD532-B454-4A65-8F63-06372DCDD357}.Debug|Any CPU.Build.0 = Debug|Any CPU
		{C82DD532-B454-4A65-8F63-06372DCDD357}.Release|Any CPU.ActiveCfg = Release|Any CPU
		{C82DD532-B454-4A65-8F63-06372DCDD357}.Release|Any CPU.Build.0 = Release|Any CPU
		{404CB1FC-FDFD-49F0-9D5F-ABE9E4EF736A}.Debug|Any CPU.ActiveCfg = Debug|Any CPU
		{404CB1FC-FDFD-49F0-9D5F-ABE9E4EF736A}.Debug|Any CPU.Build.0 = Debug|Any CPU
		{404CB1FC-FDFD-49F0-9D5F-ABE9E4EF736A}.Release|Any CPU.ActiveCfg = Release|Any CPU
		{404CB1FC-FDFD-49F0-9D5F-ABE9E4EF736A}.Release|Any CPU.Build.0 = Release|Any CPU
		{C054005C-8747-460B-8949-DE1A08D51A0A}.Debug|Any CPU.ActiveCfg = Debug|Any CPU
		{C054005C-8747-460B-8949-DE1A08D51A0A}.Debug|Any CPU.Build.0 = Debug|Any CPU
		{C054005C-8747-460B-8949-DE1A08D51A0A}.Release|Any CPU.ActiveCfg = Release|Any CPU
		{C054005C-8747-460B-8949-DE1A08D51A0A}.Release|Any CPU.Build.0 = Release|Any CPU
		{01EF2F24-60E2-4F12-B1CB-7AA566B8136E}.Debug|Any CPU.ActiveCfg = Debug|Any CPU
		{01EF2F24-60E2-4F12-B1CB-7AA566B8136E}.Debug|Any CPU.Build.0 = Debug|Any CPU
		{01EF2F24-60E2-4F12-B1CB-7AA566B8136E}.Release|Any CPU.ActiveCfg = Release|Any CPU
		{01EF2F24-60E2-4F12-B1CB-7AA566B8136E}.Release|Any CPU.Build.0 = Release|Any CPU
		{79BFF47B-1DCC-4380-8F67-B01A422B3F0E}.Debug|Any CPU.ActiveCfg = Debug|Any CPU
		{79BFF47B-1DCC-4380-8F67-B01A422B3F0E}.Debug|Any CPU.Build.0 = Debug|Any CPU
		{79BFF47B-1DCC-4380-8F67-B01A422B3F0E}.Release|Any CPU.ActiveCfg = Release|Any CPU
		{79BFF47B-1DCC-4380-8F67-B01A422B3F0E}.Release|Any CPU.Build.0 = Release|Any CPU
		{2A6587C9-B673-4DE7-A925-358224519680}.Debug|Any CPU.ActiveCfg = Debug|Any CPU
		{2A6587C9-B673-4DE7-A925-358224519680}.Debug|Any CPU.Build.0 = Debug|Any CPU
		{2A6587C9-B673-4DE7-A925-358224519680}.Release|Any CPU.ActiveCfg = Release|Any CPU
		{2A6587C9-B673-4DE7-A925-358224519680}.Release|Any CPU.Build.0 = Release|Any CPU
		{C05DABCF-D88D-4FC3-9981-16D0EBAF0CB4}.Debug|Any CPU.ActiveCfg = Debug|Any CPU
		{C05DABCF-D88D-4FC3-9981-16D0EBAF0CB4}.Debug|Any CPU.Build.0 = Debug|Any CPU
		{C05DABCF-D88D-4FC3-9981-16D0EBAF0CB4}.Release|Any CPU.ActiveCfg = Release|Any CPU
		{C05DABCF-D88D-4FC3-9981-16D0EBAF0CB4}.Release|Any CPU.Build.0 = Release|Any CPU
		{18A0797D-F84C-46B2-8431-ABD65582320D}.Debug|Any CPU.ActiveCfg = Debug|Any CPU
		{18A0797D-F84C-46B2-8431-ABD65582320D}.Debug|Any CPU.Build.0 = Debug|Any CPU
		{18A0797D-F84C-46B2-8431-ABD65582320D}.Release|Any CPU.ActiveCfg = Release|Any CPU
		{18A0797D-F84C-46B2-8431-ABD65582320D}.Release|Any CPU.Build.0 = Release|Any CPU
		{E5D10BB1-7952-4E7E-87E3-A89E6A001EC3}.Debug|Any CPU.ActiveCfg = Debug|Any CPU
		{E5D10BB1-7952-4E7E-87E3-A89E6A001EC3}.Debug|Any CPU.Build.0 = Debug|Any CPU
		{E5D10BB1-7952-4E7E-87E3-A89E6A001EC3}.Release|Any CPU.ActiveCfg = Release|Any CPU
		{E5D10BB1-7952-4E7E-87E3-A89E6A001EC3}.Release|Any CPU.Build.0 = Release|Any CPU
		{B92D45DA-9CC7-47B2-804B-738ECBF0AA6E}.Debug|Any CPU.ActiveCfg = Debug|Any CPU
		{B92D45DA-9CC7-47B2-804B-738ECBF0AA6E}.Debug|Any CPU.Build.0 = Debug|Any CPU
		{B92D45DA-9CC7-47B2-804B-738ECBF0AA6E}.Release|Any CPU.ActiveCfg = Release|Any CPU
		{B92D45DA-9CC7-47B2-804B-738ECBF0AA6E}.Release|Any CPU.Build.0 = Release|Any CPU
		{7C8D9830-C848-4777-8AD3-AAB496483792}.Debug|Any CPU.ActiveCfg = Debug|Any CPU
		{7C8D9830-C848-4777-8AD3-AAB496483792}.Debug|Any CPU.Build.0 = Debug|Any CPU
		{7C8D9830-C848-4777-8AD3-AAB496483792}.Release|Any CPU.ActiveCfg = Release|Any CPU
		{7C8D9830-C848-4777-8AD3-AAB496483792}.Release|Any CPU.Build.0 = Release|Any CPU
		{BAFDA003-C9CE-4D44-802B-64994A0A4DF2}.Debug|Any CPU.ActiveCfg = Debug|Any CPU
		{BAFDA003-C9CE-4D44-802B-64994A0A4DF2}.Debug|Any CPU.Build.0 = Debug|Any CPU
		{BAFDA003-C9CE-4D44-802B-64994A0A4DF2}.Release|Any CPU.ActiveCfg = Release|Any CPU
		{BAFDA003-C9CE-4D44-802B-64994A0A4DF2}.Release|Any CPU.Build.0 = Release|Any CPU
		{2DBA3775-5764-422F-9589-A6F5D7316E60}.Debug|Any CPU.ActiveCfg = Debug|Any CPU
		{2DBA3775-5764-422F-9589-A6F5D7316E60}.Debug|Any CPU.Build.0 = Debug|Any CPU
		{2DBA3775-5764-422F-9589-A6F5D7316E60}.Release|Any CPU.ActiveCfg = Release|Any CPU
		{2DBA3775-5764-422F-9589-A6F5D7316E60}.Release|Any CPU.Build.0 = Release|Any CPU
		{020081D8-E49A-400B-94E1-8741D9FAF6E6}.Debug|Any CPU.ActiveCfg = Debug|Any CPU
		{020081D8-E49A-400B-94E1-8741D9FAF6E6}.Debug|Any CPU.Build.0 = Debug|Any CPU
		{020081D8-E49A-400B-94E1-8741D9FAF6E6}.Release|Any CPU.ActiveCfg = Release|Any CPU
		{020081D8-E49A-400B-94E1-8741D9FAF6E6}.Release|Any CPU.Build.0 = Release|Any CPU
		{AF21949F-1145-4A28-B8C1-2C8D97A0C48A}.Debug|Any CPU.ActiveCfg = Debug|Any CPU
		{AF21949F-1145-4A28-B8C1-2C8D97A0C48A}.Debug|Any CPU.Build.0 = Debug|Any CPU
		{AF21949F-1145-4A28-B8C1-2C8D97A0C48A}.Release|Any CPU.ActiveCfg = Release|Any CPU
		{AF21949F-1145-4A28-B8C1-2C8D97A0C48A}.Release|Any CPU.Build.0 = Release|Any CPU
		{4045A0F9-2D99-4BD7-9C37-DD3E40D6FC91}.Debug|Any CPU.ActiveCfg = Debug|Any CPU
		{4045A0F9-2D99-4BD7-9C37-DD3E40D6FC91}.Debug|Any CPU.Build.0 = Debug|Any CPU
		{4045A0F9-2D99-4BD7-9C37-DD3E40D6FC91}.Release|Any CPU.ActiveCfg = Release|Any CPU
		{4045A0F9-2D99-4BD7-9C37-DD3E40D6FC91}.Release|Any CPU.Build.0 = Release|Any CPU
		{E39D8D8F-AA2D-441C-BF2D-D83A66947341}.Debug|Any CPU.ActiveCfg = Debug|Any CPU
		{E39D8D8F-AA2D-441C-BF2D-D83A66947341}.Debug|Any CPU.Build.0 = Debug|Any CPU
		{E39D8D8F-AA2D-441C-BF2D-D83A66947341}.Release|Any CPU.ActiveCfg = Release|Any CPU
		{E39D8D8F-AA2D-441C-BF2D-D83A66947341}.Release|Any CPU.Build.0 = Release|Any CPU
		{165FBCB9-366C-479A-87B4-739CFFCAAE8E}.Debug|Any CPU.ActiveCfg = Debug|Any CPU
		{165FBCB9-366C-479A-87B4-739CFFCAAE8E}.Debug|Any CPU.Build.0 = Debug|Any CPU
		{165FBCB9-366C-479A-87B4-739CFFCAAE8E}.Release|Any CPU.ActiveCfg = Release|Any CPU
		{165FBCB9-366C-479A-87B4-739CFFCAAE8E}.Release|Any CPU.Build.0 = Release|Any CPU
		{8CF1746D-BE5C-46B1-AFD8-E0863C3DC658}.Debug|Any CPU.ActiveCfg = Debug|Any CPU
		{8CF1746D-BE5C-46B1-AFD8-E0863C3DC658}.Debug|Any CPU.Build.0 = Debug|Any CPU
		{8CF1746D-BE5C-46B1-AFD8-E0863C3DC658}.Release|Any CPU.ActiveCfg = Release|Any CPU
		{8CF1746D-BE5C-46B1-AFD8-E0863C3DC658}.Release|Any CPU.Build.0 = Release|Any CPU
		{223775D6-BD5F-47DD-9AF5-CA8C76450897}.Debug|Any CPU.ActiveCfg = Debug|Any CPU
		{223775D6-BD5F-47DD-9AF5-CA8C76450897}.Debug|Any CPU.Build.0 = Debug|Any CPU
		{223775D6-BD5F-47DD-9AF5-CA8C76450897}.Release|Any CPU.ActiveCfg = Release|Any CPU
		{223775D6-BD5F-47DD-9AF5-CA8C76450897}.Release|Any CPU.Build.0 = Release|Any CPU
		{94DD8111-6D82-43A8-A657-A25C06AD018E}.Debug|Any CPU.ActiveCfg = Debug|Any CPU
		{94DD8111-6D82-43A8-A657-A25C06AD018E}.Debug|Any CPU.Build.0 = Debug|Any CPU
		{94DD8111-6D82-43A8-A657-A25C06AD018E}.Release|Any CPU.ActiveCfg = Release|Any CPU
		{94DD8111-6D82-43A8-A657-A25C06AD018E}.Release|Any CPU.Build.0 = Release|Any CPU
		{27447B69-D3F6-40B8-9AA6-0F489CC07DEC}.Debug|Any CPU.ActiveCfg = Debug|Any CPU
		{27447B69-D3F6-40B8-9AA6-0F489CC07DEC}.Debug|Any CPU.Build.0 = Debug|Any CPU
		{27447B69-D3F6-40B8-9AA6-0F489CC07DEC}.Release|Any CPU.ActiveCfg = Release|Any CPU
		{27447B69-D3F6-40B8-9AA6-0F489CC07DEC}.Release|Any CPU.Build.0 = Release|Any CPU
		{C00B3403-9F36-420E-B456-D6C049584A5D}.Debug|Any CPU.ActiveCfg = Debug|Any CPU
		{C00B3403-9F36-420E-B456-D6C049584A5D}.Debug|Any CPU.Build.0 = Debug|Any CPU
		{C00B3403-9F36-420E-B456-D6C049584A5D}.Release|Any CPU.ActiveCfg = Release|Any CPU
		{C00B3403-9F36-420E-B456-D6C049584A5D}.Release|Any CPU.Build.0 = Release|Any CPU
		{5349A883-6697-4D95-A3F1-155B77CAF89C}.Debug|Any CPU.ActiveCfg = Debug|Any CPU
		{5349A883-6697-4D95-A3F1-155B77CAF89C}.Debug|Any CPU.Build.0 = Debug|Any CPU
		{5349A883-6697-4D95-A3F1-155B77CAF89C}.Release|Any CPU.ActiveCfg = Release|Any CPU
		{5349A883-6697-4D95-A3F1-155B77CAF89C}.Release|Any CPU.Build.0 = Release|Any CPU
		{518C892B-E255-439D-9BA5-8E3FB50882E3}.Debug|Any CPU.ActiveCfg = Debug|Any CPU
		{518C892B-E255-439D-9BA5-8E3FB50882E3}.Debug|Any CPU.Build.0 = Debug|Any CPU
		{518C892B-E255-439D-9BA5-8E3FB50882E3}.Release|Any CPU.ActiveCfg = Release|Any CPU
		{518C892B-E255-439D-9BA5-8E3FB50882E3}.Release|Any CPU.Build.0 = Release|Any CPU
		{8C9AA2BF-7BCC-46AB-9786-12215021BFAD}.Debug|Any CPU.ActiveCfg = Debug|Any CPU
		{8C9AA2BF-7BCC-46AB-9786-12215021BFAD}.Debug|Any CPU.Build.0 = Debug|Any CPU
		{8C9AA2BF-7BCC-46AB-9786-12215021BFAD}.Release|Any CPU.ActiveCfg = Release|Any CPU
		{8C9AA2BF-7BCC-46AB-9786-12215021BFAD}.Release|Any CPU.Build.0 = Release|Any CPU
		{D2A73BA5-518D-4414-86F4-D68DDDD2E8D1}.Debug|Any CPU.ActiveCfg = Debug|Any CPU
		{D2A73BA5-518D-4414-86F4-D68DDDD2E8D1}.Debug|Any CPU.Build.0 = Debug|Any CPU
		{D2A73BA5-518D-4414-86F4-D68DDDD2E8D1}.Release|Any CPU.ActiveCfg = Release|Any CPU
		{D2A73BA5-518D-4414-86F4-D68DDDD2E8D1}.Release|Any CPU.Build.0 = Release|Any CPU
		{BBA8B002-A738-4C71-8C36-904E7DDF2556}.Debug|Any CPU.ActiveCfg = Debug|Any CPU
		{BBA8B002-A738-4C71-8C36-904E7DDF2556}.Debug|Any CPU.Build.0 = Debug|Any CPU
		{BBA8B002-A738-4C71-8C36-904E7DDF2556}.Release|Any CPU.ActiveCfg = Release|Any CPU
		{BBA8B002-A738-4C71-8C36-904E7DDF2556}.Release|Any CPU.Build.0 = Release|Any CPU
		{3EB4DA6D-B64B-416E-BA04-DCCFC79737D8}.Debug|Any CPU.ActiveCfg = Debug|Any CPU
		{3EB4DA6D-B64B-416E-BA04-DCCFC79737D8}.Debug|Any CPU.Build.0 = Debug|Any CPU
		{3EB4DA6D-B64B-416E-BA04-DCCFC79737D8}.Release|Any CPU.ActiveCfg = Release|Any CPU
		{3EB4DA6D-B64B-416E-BA04-DCCFC79737D8}.Release|Any CPU.Build.0 = Release|Any CPU
		{B6389B02-AED5-41FB-9BA8-A8BC598043E3}.Debug|Any CPU.ActiveCfg = Debug|Any CPU
		{B6389B02-AED5-41FB-9BA8-A8BC598043E3}.Debug|Any CPU.Build.0 = Debug|Any CPU
		{B6389B02-AED5-41FB-9BA8-A8BC598043E3}.Release|Any CPU.ActiveCfg = Release|Any CPU
		{B6389B02-AED5-41FB-9BA8-A8BC598043E3}.Release|Any CPU.Build.0 = Release|Any CPU
		{E46D2533-A176-479B-97B0-97D9D4A30E44}.Debug|Any CPU.ActiveCfg = Debug|Any CPU
		{E46D2533-A176-479B-97B0-97D9D4A30E44}.Debug|Any CPU.Build.0 = Debug|Any CPU
		{E46D2533-A176-479B-97B0-97D9D4A30E44}.Release|Any CPU.ActiveCfg = Release|Any CPU
		{E46D2533-A176-479B-97B0-97D9D4A30E44}.Release|Any CPU.Build.0 = Release|Any CPU
		{B974B859-B9A9-4D42-BC66-B31EEDBBFA7B}.Debug|Any CPU.ActiveCfg = Debug|Any CPU
		{B974B859-B9A9-4D42-BC66-B31EEDBBFA7B}.Debug|Any CPU.Build.0 = Debug|Any CPU
		{B974B859-B9A9-4D42-BC66-B31EEDBBFA7B}.Release|Any CPU.ActiveCfg = Release|Any CPU
		{B974B859-B9A9-4D42-BC66-B31EEDBBFA7B}.Release|Any CPU.Build.0 = Release|Any CPU
	EndGlobalSection
	GlobalSection(SolutionProperties) = preSolution
		HideSolutionNode = FALSE
	EndGlobalSection
	GlobalSection(ExtensibilityGlobals) = postSolution
		SolutionGuid = {AC87BD09-BE0B-452D-88A2-F5CFC77030F6}
	EndGlobalSection
EndGlobal
